
Microsoft Visual Studio Solution File, Format Version 12.00
# Visual Studio Version 17
VisualStudioVersion = 17.4.33205.214
MinimumVisualStudioVersion = 10.0.40219.1
Project("{FAE04EC0-301F-11D3-BF4B-00C04F79EFBC}") = "veri taban", "veri taban\veri taban.csproj", "{4897EFBA-EDC5-46F1-A6AD-7A99967CE2DC}"
EndProject
Global
	GlobalSection(SolutionConfigurationPlatforms) = preSolution
		Debug|Any CPU = Debug|Any CPU
		Release|Any CPU = Release|Any CPU
	EndGlobalSection
	GlobalSection(ProjectConfigurationPlatforms) = postSolution
		{4897EFBA-EDC5-46F1-A6AD-7A99967CE2DC}.Debug|Any CPU.ActiveCfg = Debug|Any CPU
		{4897EFBA-EDC5-46F1-A6AD-7A99967CE2DC}.Debug|Any CPU.Build.0 = Debug|Any CPU
		{4897EFBA-EDC5-46F1-A6AD-7A99967CE2DC}.Release|Any CPU.ActiveCfg = Release|Any CPU
		{4897EFBA-EDC5-46F1-A6AD-7A99967CE2DC}.Release|Any CPU.Build.0 = Release|Any CPU
	EndGlobalSection
	GlobalSection(SolutionProperties) = preSolution
		HideSolutionNode = FALSE
	EndGlobalSection
	GlobalSection(ExtensibilityGlobals) = postSolution
		SolutionGuid = {7FA0E84B-AF95-42B0-B16F-5277AA622731}
	EndGlobalSection
EndGlobal
